
Microsoft Visual Studio Solution File, Format Version 12.00
# Visual Studio Version 17
VisualStudioVersion = 17.8.34408.163
MinimumVisualStudioVersion = 10.0.40219.1
Project("{FAE04EC0-301F-11D3-BF4B-00C04F79EFBC}") = "Params", "Params\Params.csproj", "{FA5C70DA-D814-4F6C-8C56-1E5A010486D1}"
EndProject
Global
	GlobalSection(SolutionConfigurationPlatforms) = preSolution
		Debug|Any CPU = Debug|Any CPU
		Release|Any CPU = Release|Any CPU
	EndGlobalSection
	GlobalSection(ProjectConfigurationPlatforms) = postSolution
		{FA5C70DA-D814-4F6C-8C56-1E5A010486D1}.Debug|Any CPU.ActiveCfg = Debug|Any CPU
		{FA5C70DA-D814-4F6C-8C56-1E5A010486D1}.Debug|Any CPU.Build.0 = Debug|Any CPU
		{FA5C70DA-D814-4F6C-8C56-1E5A010486D1}.Release|Any CPU.ActiveCfg = Release|Any CPU
		{FA5C70DA-D814-4F6C-8C56-1E5A010486D1}.Release|Any CPU.Build.0 = Release|Any CPU
	EndGlobalSection
	GlobalSection(SolutionProperties) = preSolution
		HideSolutionNode = FALSE
	EndGlobalSection
	GlobalSection(ExtensibilityGlobals) = postSolution
		SolutionGuid = {CE16C277-CECB-48F1-B717-7C7BC90D3172}
	EndGlobalSection
EndGlobal
