
Microsoft Visual Studio Solution File, Format Version 12.00
# Visual Studio Version 17
VisualStudioVersion = 17.8.34525.116
MinimumVisualStudioVersion = 10.0.40219.1
Project("{FAE04EC0-301F-11D3-BF4B-00C04F79EFBC}") = "MVCFilter", "MVCFilter\MVCFilter.csproj", "{829AB154-9F6A-47B9-8C03-AB30DC190628}"
EndProject
Global
	GlobalSection(SolutionConfigurationPlatforms) = preSolution
		Debug|Any CPU = Debug|Any CPU
		Release|Any CPU = Release|Any CPU
	EndGlobalSection
	GlobalSection(ProjectConfigurationPlatforms) = postSolution
		{829AB154-9F6A-47B9-8C03-AB30DC190628}.Debug|Any CPU.ActiveCfg = Debug|Any CPU
		{829AB154-9F6A-47B9-8C03-AB30DC190628}.Debug|Any CPU.Build.0 = Debug|Any CPU
		{829AB154-9F6A-47B9-8C03-AB30DC190628}.Release|Any CPU.ActiveCfg = Release|Any CPU
		{829AB154-9F6A-47B9-8C03-AB30DC190628}.Release|Any CPU.Build.0 = Release|Any CPU
	EndGlobalSection
	GlobalSection(SolutionProperties) = preSolution
		HideSolutionNode = FALSE
	EndGlobalSection
	GlobalSection(ExtensibilityGlobals) = postSolution
		SolutionGuid = {8AFE783D-044E-4400-B25D-42A6960A8F49}
	EndGlobalSection
EndGlobal
