
Microsoft Visual Studio Solution File, Format Version 12.00
# Visual Studio Version 17
VisualStudioVersion = 17.8.34525.116
MinimumVisualStudioVersion = 10.0.40219.1
Project("{FAE04EC0-301F-11D3-BF4B-00C04F79EFBC}") = "EMart", "EMart\EMart.csproj", "{0A80E996-1D3E-4541-9A6F-32B9332B37CF}"
EndProject
Global
	GlobalSection(SolutionConfigurationPlatforms) = preSolution
		Debug|Any CPU = Debug|Any CPU
		Release|Any CPU = Release|Any CPU
	EndGlobalSection
	GlobalSection(ProjectConfigurationPlatforms) = postSolution
		{0A80E996-1D3E-4541-9A6F-32B9332B37CF}.Debug|Any CPU.ActiveCfg = Debug|Any CPU
		{0A80E996-1D3E-4541-9A6F-32B9332B37CF}.Debug|Any CPU.Build.0 = Debug|Any CPU
		{0A80E996-1D3E-4541-9A6F-32B9332B37CF}.Release|Any CPU.ActiveCfg = Release|Any CPU
		{0A80E996-1D3E-4541-9A6F-32B9332B37CF}.Release|Any CPU.Build.0 = Release|Any CPU
	EndGlobalSection
	GlobalSection(SolutionProperties) = preSolution
		HideSolutionNode = FALSE
	EndGlobalSection
	GlobalSection(ExtensibilityGlobals) = postSolution
		SolutionGuid = {D07F041C-4B20-4B75-BC2B-FE20843D82A4}
	EndGlobalSection
EndGlobal
