
Microsoft Visual Studio Solution File, Format Version 12.00
# Visual Studio Version 17
VisualStudioVersion = 17.8.34525.116
MinimumVisualStudioVersion = 10.0.40219.1
Project("{FAE04EC0-301F-11D3-BF4B-00C04F79EFBC}") = "DelgateEvents", "DelgateEvents\DelgateEvents.csproj", "{395DC8ED-F93D-4066-9F48-F7D633A9A9DE}"
EndProject
Global
	GlobalSection(SolutionConfigurationPlatforms) = preSolution
		Debug|Any CPU = Debug|Any CPU
		Release|Any CPU = Release|Any CPU
	EndGlobalSection
	GlobalSection(ProjectConfigurationPlatforms) = postSolution
		{395DC8ED-F93D-4066-9F48-F7D633A9A9DE}.Debug|Any CPU.ActiveCfg = Debug|Any CPU
		{395DC8ED-F93D-4066-9F48-F7D633A9A9DE}.Debug|Any CPU.Build.0 = Debug|Any CPU
		{395DC8ED-F93D-4066-9F48-F7D633A9A9DE}.Release|Any CPU.ActiveCfg = Release|Any CPU
		{395DC8ED-F93D-4066-9F48-F7D633A9A9DE}.Release|Any CPU.Build.0 = Release|Any CPU
	EndGlobalSection
	GlobalSection(SolutionProperties) = preSolution
		HideSolutionNode = FALSE
	EndGlobalSection
	GlobalSection(ExtensibilityGlobals) = postSolution
		SolutionGuid = {02F0ABEE-4B3D-418E-A21C-6825CD5F6775}
	EndGlobalSection
EndGlobal
