
Microsoft Visual Studio Solution File, Format Version 12.00
# Visual Studio Version 17
VisualStudioVersion = 17.8.34525.116
MinimumVisualStudioVersion = 10.0.40219.1
Project("{FAE04EC0-301F-11D3-BF4B-00C04F79EFBC}") = "SerialDeserial", "SerialDeserial\SerialDeserial.csproj", "{871F2993-E170-4912-A992-8E788391CB08}"
EndProject
Project("{FAE04EC0-301F-11D3-BF4B-00C04F79EFBC}") = "SerializeFile", "SerializeFile\SerializeFile.csproj", "{C68ADFB4-B6E9-4051-922C-7A7F5C37116A}"
EndProject
Global
	GlobalSection(SolutionConfigurationPlatforms) = preSolution
		Debug|Any CPU = Debug|Any CPU
		Release|Any CPU = Release|Any CPU
	EndGlobalSection
	GlobalSection(ProjectConfigurationPlatforms) = postSolution
		{871F2993-E170-4912-A992-8E788391CB08}.Debug|Any CPU.ActiveCfg = Debug|Any CPU
		{871F2993-E170-4912-A992-8E788391CB08}.Debug|Any CPU.Build.0 = Debug|Any CPU
		{871F2993-E170-4912-A992-8E788391CB08}.Release|Any CPU.ActiveCfg = Release|Any CPU
		{871F2993-E170-4912-A992-8E788391CB08}.Release|Any CPU.Build.0 = Release|Any CPU
		{C68ADFB4-B6E9-4051-922C-7A7F5C37116A}.Debug|Any CPU.ActiveCfg = Debug|Any CPU
		{C68ADFB4-B6E9-4051-922C-7A7F5C37116A}.Debug|Any CPU.Build.0 = Debug|Any CPU
		{C68ADFB4-B6E9-4051-922C-7A7F5C37116A}.Release|Any CPU.ActiveCfg = Release|Any CPU
		{C68ADFB4-B6E9-4051-922C-7A7F5C37116A}.Release|Any CPU.Build.0 = Release|Any CPU
	EndGlobalSection
	GlobalSection(SolutionProperties) = preSolution
		HideSolutionNode = FALSE
	EndGlobalSection
	GlobalSection(ExtensibilityGlobals) = postSolution
		SolutionGuid = {1D1C840D-8567-4EF1-9410-93FFCEF6F8F4}
	EndGlobalSection
EndGlobal
