
Microsoft Visual Studio Solution File, Format Version 12.00
# Visual Studio Version 17
VisualStudioVersion = 17.8.34408.163
MinimumVisualStudioVersion = 10.0.40219.1
Project("{FAE04EC0-301F-11D3-BF4B-00C04F79EFBC}") = "NamedParameter", "NamedParameter\NamedParameter.csproj", "{512B19DD-53A5-44FB-A6B7-2F708E00B6BC}"
EndProject
Global
	GlobalSection(SolutionConfigurationPlatforms) = preSolution
		Debug|Any CPU = Debug|Any CPU
		Release|Any CPU = Release|Any CPU
	EndGlobalSection
	GlobalSection(ProjectConfigurationPlatforms) = postSolution
		{512B19DD-53A5-44FB-A6B7-2F708E00B6BC}.Debug|Any CPU.ActiveCfg = Debug|Any CPU
		{512B19DD-53A5-44FB-A6B7-2F708E00B6BC}.Debug|Any CPU.Build.0 = Debug|Any CPU
		{512B19DD-53A5-44FB-A6B7-2F708E00B6BC}.Release|Any CPU.ActiveCfg = Release|Any CPU
		{512B19DD-53A5-44FB-A6B7-2F708E00B6BC}.Release|Any CPU.Build.0 = Release|Any CPU
	EndGlobalSection
	GlobalSection(SolutionProperties) = preSolution
		HideSolutionNode = FALSE
	EndGlobalSection
	GlobalSection(ExtensibilityGlobals) = postSolution
		SolutionGuid = {ABD42C09-4691-403B-8292-54B8DF380CFC}
	EndGlobalSection
EndGlobal
