
Microsoft Visual Studio Solution File, Format Version 12.00
# Visual Studio Version 17
VisualStudioVersion = 17.8.34525.116
MinimumVisualStudioVersion = 10.0.40219.1
Project("{FAE04EC0-301F-11D3-BF4B-00C04F79EFBC}") = "thisKeyword", "thisKeyword\thisKeyword.csproj", "{2BBA0579-0542-465F-B347-048060071E55}"
EndProject
Global
	GlobalSection(SolutionConfigurationPlatforms) = preSolution
		Debug|Any CPU = Debug|Any CPU
		Release|Any CPU = Release|Any CPU
	EndGlobalSection
	GlobalSection(ProjectConfigurationPlatforms) = postSolution
		{2BBA0579-0542-465F-B347-048060071E55}.Debug|Any CPU.ActiveCfg = Debug|Any CPU
		{2BBA0579-0542-465F-B347-048060071E55}.Debug|Any CPU.Build.0 = Debug|Any CPU
		{2BBA0579-0542-465F-B347-048060071E55}.Release|Any CPU.ActiveCfg = Release|Any CPU
		{2BBA0579-0542-465F-B347-048060071E55}.Release|Any CPU.Build.0 = Release|Any CPU
	EndGlobalSection
	GlobalSection(SolutionProperties) = preSolution
		HideSolutionNode = FALSE
	EndGlobalSection
	GlobalSection(ExtensibilityGlobals) = postSolution
		SolutionGuid = {7EACC083-B42E-42FF-AAAD-F7C3CE7D8A74}
	EndGlobalSection
EndGlobal
